{
  "version": 4,
  "terraform_version": "0.12.17",
  "serial": 94,
  "lineage": "5987cd92-0373-ab06-c274-e874f75be9b8",
  "outputs": {},
  "resources": [
    {
      "mode": "data",
      "type": "aws_iam_role",
      "name": "ecs_task_execution_role",
      "provider": "provider.aws",
      "instances": [
        {
          "schema_version": 0,
          "attributes": {
            "arn": "arn:aws:iam::890725220831:role/ecs_role",
            "assume_role_policy": "{\"Version\":\"2012-10-17\",\"Statement\":[{\"Sid\":\"\",\"Effect\":\"Allow\",\"Principal\":{\"Service\":[\"ecs-tasks.amazonaws.com\",\"ecs.amazonaws.com\"]},\"Action\":\"sts:AssumeRole\"}]}",
            "assume_role_policy_document": null,
            "create_date": "2020-01-08T09:42:46Z",
            "description": "",
            "id": "ecs_role",
            "max_session_duration": 3600,
            "name": "ecs_role",
            "path": "/",
            "permissions_boundary": "",
            "role_id": null,
            "role_name": null,
            "unique_id": "AROA46Y24IHPQDUFGRCVV"
          }
        }
      ]
    },
    {
      "mode": "managed",
      "type": "aws_cloudwatch_log_group",
      "name": "hiit_tribe",
      "provider": "provider.aws",
      "instances": [
        {
          "schema_version": 0,
          "attributes": {
            "arn": "arn:aws:logs:eu-west-2:890725220831:log-group:hiit-tribe:*",
            "id": "hiit-tribe",
            "kms_key_id": "",
            "name": "hiit-tribe",
            "name_prefix": null,
            "retention_in_days": 0,
            "tags": {}
          },
          "private": "bnVsbA=="
        }
      ]
    },
    {
      "mode": "managed",
      "type": "aws_cognito_identity_pool",
      "name": "hiit_tribe",
      "provider": "provider.aws",
      "instances": [
        {
          "schema_version": 0,
          "attributes": {
            "allow_unauthenticated_identities": true,
            "arn": "arn:aws:cognito-identity:eu-west-2:890725220831:identitypool/eu-west-2:9b6e3c2e-6b9d-4d0c-bfc7-a37ae17135bf",
            "cognito_identity_providers": [],
            "developer_provider_name": "",
            "id": "eu-west-2:9b6e3c2e-6b9d-4d0c-bfc7-a37ae17135bf",
            "identity_pool_name": "hiit tribe",
            "openid_connect_provider_arns": null,
            "saml_provider_arns": null,
            "supported_login_providers": null,
            "tags": null
          },
          "private": "bnVsbA=="
        }
      ]
    },
    {
      "mode": "managed",
      "type": "aws_db_instance",
      "name": "hiit-tribe",
      "provider": "provider.aws",
      "instances": [
        {
          "schema_version": 0,
          "attributes": {
            "address": "terraform-20200108185437699000000001.cjhsxhaoiqbz.eu-west-2.rds.amazonaws.com",
            "allocated_storage": 20,
            "allow_major_version_upgrade": null,
            "apply_immediately": null,
            "arn": "arn:aws:rds:eu-west-2:890725220831:db:terraform-20200108185437699000000001",
            "auto_minor_version_upgrade": true,
            "availability_zone": "eu-west-2a",
            "backup_retention_period": 0,
            "backup_window": "22:48-23:18",
            "ca_cert_identifier": "rds-ca-2015",
            "character_set_name": null,
            "copy_tags_to_snapshot": false,
            "db_subnet_group_name": "default",
            "deletion_protection": false,
            "domain": "",
            "domain_iam_role_name": "",
            "enabled_cloudwatch_logs_exports": [],
            "endpoint": "terraform-20200108185437699000000001.cjhsxhaoiqbz.eu-west-2.rds.amazonaws.com:5432",
            "engine": "postgres",
            "engine_version": "10.6",
            "final_snapshot_identifier": null,
            "hosted_zone_id": "Z1TTGA775OQIYO",
            "iam_database_authentication_enabled": false,
            "id": "terraform-20200108185437699000000001",
            "identifier": "terraform-20200108185437699000000001",
            "identifier_prefix": null,
            "instance_class": "db.t2.micro",
            "iops": 0,
            "kms_key_id": "",
            "license_model": "postgresql-license",
            "maintenance_window": "sat:04:33-sat:05:03",
            "max_allocated_storage": 0,
            "monitoring_interval": 0,
            "monitoring_role_arn": "",
            "multi_az": false,
            "name": "hiit_tribe",
            "option_group_name": "default:postgres-10",
            "parameter_group_name": "default.postgres10",
            "password": "jhskdghfkjdshsadfgeuwyjsg21das1",
            "performance_insights_enabled": false,
            "performance_insights_kms_key_id": "",
            "performance_insights_retention_period": 0,
            "port": 5432,
            "publicly_accessible": true,
            "replicas": [],
            "replicate_source_db": "",
            "resource_id": "db-BEKEVRNYRHTQ6ZXOFS2YQY4EMY",
            "s3_import": [],
            "security_group_names": [],
            "skip_final_snapshot": false,
            "snapshot_identifier": null,
            "status": "available",
            "storage_encrypted": false,
            "storage_type": "gp2",
            "tags": {},
            "timeouts": null,
            "timezone": "",
            "username": "postgres",
            "vpc_security_group_ids": [
              "sg-07d39bc5cc1d257c8"
            ]
          },
          "private": "eyJlMmJmYjczMC1lY2FhLTExZTYtOGY4OC0zNDM2M2JjN2M0YzAiOnsiY3JlYXRlIjoyNDAwMDAwMDAwMDAwLCJkZWxldGUiOjI0MDAwMDAwMDAwMDAsInVwZGF0ZSI6NDgwMDAwMDAwMDAwMH19",
          "dependencies": [
            "aws_db_subnet_group.hiit_tribe",
            "aws_security_group.allow_all_traffic"
          ]
        }
      ]
    },
    {
      "mode": "managed",
      "type": "aws_db_subnet_group",
      "name": "hiit_tribe",
      "provider": "provider.aws",
      "instances": [
        {
          "schema_version": 0,
          "attributes": {
            "arn": "arn:aws:rds:eu-west-2:890725220831:subgrp:hiit_tribe",
            "description": "Managed by Terraform",
            "id": "hiit_tribe",
            "name": "hiit_tribe",
            "name_prefix": null,
            "subnet_ids": [
              "subnet-0199a5c93f0ae7c06",
              "subnet-0cef0becbd604d241"
            ],
            "tags": {}
          },
          "private": "bnVsbA==",
          "dependencies": [
            "aws_subnet.eu_west_2a",
            "aws_subnet.eu_west_2b"
          ]
        }
      ]
    },
    {
      "mode": "managed",
      "type": "aws_ecr_lifecycle_policy",
      "name": "hiit_tribe",
      "provider": "provider.aws",
      "instances": [
        {
          "schema_version": 0,
          "attributes": {
            "id": "hiit-tribe",
            "policy": "{\"rules\":[{\"rulePriority\":1,\"description\":\"Expire untagged images\",\"selection\":{\"tagStatus\":\"untagged\",\"countType\":\"imageCountMoreThan\",\"countNumber\":1},\"action\":{\"type\":\"expire\"}}]}",
            "registry_id": "890725220831",
            "repository": "hiit-tribe"
          },
          "private": "bnVsbA==",
          "dependencies": [
            "aws_ecr_repository.hiit_tribe"
          ]
        }
      ]
    },
    {
      "mode": "managed",
      "type": "aws_ecr_repository",
      "name": "hiit_tribe",
      "provider": "provider.aws",
      "instances": [
        {
          "schema_version": 0,
          "attributes": {
            "arn": "arn:aws:ecr:eu-west-2:890725220831:repository/hiit-tribe",
            "id": "hiit-tribe",
            "image_scanning_configuration": [
              {
                "scan_on_push": false
              }
            ],
            "image_tag_mutability": "MUTABLE",
            "name": "hiit-tribe",
            "registry_id": "890725220831",
            "repository_url": "890725220831.dkr.ecr.eu-west-2.amazonaws.com/hiit-tribe",
            "tags": {},
            "timeouts": null
          },
          "private": "eyJlMmJmYjczMC1lY2FhLTExZTYtOGY4OC0zNDM2M2JjN2M0YzAiOnsiZGVsZXRlIjoxMjAwMDAwMDAwMDAwfX0="
        }
      ]
    },
    {
      "mode": "managed",
      "type": "aws_ecs_cluster",
      "name": "hiit_tribe_dev",
      "provider": "provider.aws",
      "instances": [
        {
          "schema_version": 0,
          "attributes": {
            "arn": "arn:aws:ecs:eu-west-2:890725220831:cluster/hiit_tribe_dev",
            "capacity_providers": [],
            "default_capacity_provider_strategy": [],
            "id": "arn:aws:ecs:eu-west-2:890725220831:cluster/hiit_tribe_dev",
            "name": "hiit_tribe_dev",
            "setting": [
              {
                "name": "containerInsights",
                "value": "disabled"
              }
            ],
            "tags": {}
          },
          "private": "bnVsbA=="
        }
      ]
    },
    {
      "mode": "managed",
      "type": "aws_ecs_service",
      "name": "hiit_tribe_dev",
      "provider": "provider.aws",
      "instances": [
        {
          "schema_version": 0,
          "attributes": {
            "capacity_provider_strategy": [],
            "cluster": "arn:aws:ecs:eu-west-2:890725220831:cluster/hiit_tribe_dev",
            "deployment_controller": [
              {
                "type": "ECS"
              }
            ],
            "deployment_maximum_percent": 200,
            "deployment_minimum_healthy_percent": 100,
            "desired_count": 1,
            "enable_ecs_managed_tags": false,
            "health_check_grace_period_seconds": 0,
            "iam_role": "aws-service-role",
            "id": "arn:aws:ecs:eu-west-2:890725220831:service/hiit_tribe_dev",
            "launch_type": "FARGATE",
            "load_balancer": [
              {
                "container_name": "web_app",
                "container_port": 3002,
                "elb_name": "",
                "target_group_arn": "arn:aws:elasticloadbalancing:eu-west-2:890725220831:targetgroup/hiit-tribe-dev/df8595936a2244fd"
              }
            ],
            "name": "hiit_tribe_dev",
            "network_configuration": [
              {
                "assign_public_ip": true,
                "security_groups": [
                  "sg-07d39bc5cc1d257c8"
                ],
                "subnets": [
                  "subnet-0cef0becbd604d241"
                ]
              }
            ],
            "ordered_placement_strategy": [],
            "placement_constraints": [],
            "placement_strategy": [],
            "platform_version": "LATEST",
            "propagate_tags": "NONE",
            "scheduling_strategy": "REPLICA",
            "service_registries": [],
            "tags": {},
            "task_definition": "hiit_tribe_dev:16"
          },
          "private": "bnVsbA==",
          "dependencies": [
            "aws_ecs_cluster.hiit_tribe_dev",
            "aws_ecs_task_definition.hiit_tribe_dev",
            "aws_iam_role.ecs_role",
            "aws_lb_target_group.hiit_tribe_dev",
            "aws_security_group.allow_all_traffic",
            "aws_subnet.eu_west_2a"
          ]
        }
      ]
    },
    {
      "mode": "managed",
      "type": "aws_ecs_task_definition",
      "name": "hiit_tribe_dev",
      "provider": "provider.aws",
      "instances": [
        {
          "schema_version": 1,
          "attributes": {
            "arn": "arn:aws:ecs:eu-west-2:890725220831:task-definition/hiit_tribe_dev:16",
            "container_definitions": "[{\"cpu\":0,\"environment\":[{\"name\":\"ENV\",\"value\":\"test\"}],\"essential\":true,\"image\":\"890725220831.dkr.ecr.eu-west-2.amazonaws.com/hiit-tribe:latest\",\"logConfiguration\":{\"logDriver\":\"awslogs\",\"options\":{\"awslogs-group\":\"hiit-tribe\",\"awslogs-region\":\"eu-west-2\",\"awslogs-stream-prefix\":\"hiit-tribe\"}},\"mountPoints\":[],\"name\":\"web_app\",\"portMappings\":[{\"containerPort\":3002,\"hostPort\":3002,\"protocol\":\"tcp\"}],\"volumesFrom\":[]}]",
            "cpu": "256",
            "execution_role_arn": "arn:aws:iam::890725220831:role/ecs_role",
            "family": "hiit_tribe_dev",
            "id": "hiit_tribe_dev",
            "ipc_mode": null,
            "memory": "512",
            "network_mode": "awsvpc",
            "pid_mode": null,
            "placement_constraints": [],
            "proxy_configuration": [],
            "requires_compatibilities": [
              "FARGATE"
            ],
            "revision": 16,
            "tags": null,
            "task_role_arn": "",
            "volume": []
          },
          "private": "eyJzY2hlbWFfdmVyc2lvbiI6IjEifQ==",
          "dependencies": [
            "aws_iam_role.ecs_role"
          ]
        }
      ]
    },
    {
      "mode": "managed",
      "type": "aws_eip",
      "name": "nat",
      "provider": "provider.aws",
      "instances": [
        {
          "schema_version": 0,
          "attributes": {
            "allocation_id": null,
            "associate_with_private_ip": null,
            "association_id": "eipassoc-03c7f8e3c63aa447d",
            "domain": "vpc",
            "id": "eipalloc-08974b78c6e0b02c7",
            "instance": "i-01f61c453bc88aa0d",
            "network_interface": "eni-0033bb5255b9e4d4d",
            "private_dns": "ip-10-0-1-54.eu-west-2.compute.internal",
            "private_ip": "10.0.1.54",
            "public_dns": "ec2-3-11-136-120.eu-west-2.compute.amazonaws.com",
            "public_ip": "3.11.136.120",
            "public_ipv4_pool": "amazon",
            "tags": {},
            "timeouts": null,
            "vpc": true
          },
          "private": "eyJlMmJmYjczMC1lY2FhLTExZTYtOGY4OC0zNDM2M2JjN2M0YzAiOnsiZGVsZXRlIjoxODAwMDAwMDAwMDAsInJlYWQiOjkwMDAwMDAwMDAwMCwidXBkYXRlIjozMDAwMDAwMDAwMDB9fQ==",
          "dependencies": [
            "aws_instance.nat",
            "aws_security_group.allow_all_traffic",
            "aws_subnet.eu_west_2a",
            "aws_vpc.main"
          ]
        }
      ]
    },
    {
      "mode": "managed",
      "type": "aws_iam_role",
      "name": "ecs_role",
      "provider": "provider.aws",
      "instances": [
        {
          "schema_version": 0,
          "attributes": {
            "arn": "arn:aws:iam::890725220831:role/ecs_role",
            "assume_role_policy": "{\"Version\":\"2012-10-17\",\"Statement\":[{\"Sid\":\"\",\"Effect\":\"Allow\",\"Principal\":{\"Service\":[\"ecs-tasks.amazonaws.com\",\"ecs.amazonaws.com\"]},\"Action\":\"sts:AssumeRole\"}]}",
            "create_date": "2020-01-08T09:42:46Z",
            "description": "",
            "force_detach_policies": false,
            "id": "ecs_role",
            "max_session_duration": 3600,
            "name": "ecs_role",
            "name_prefix": null,
            "path": "/",
            "permissions_boundary": null,
            "tags": {},
            "unique_id": "AROA46Y24IHPQDUFGRCVV"
          },
          "private": "bnVsbA=="
        }
      ]
    },
    {
      "mode": "managed",
      "type": "aws_iam_role",
      "name": "s3_role",
      "provider": "provider.aws",
      "instances": [
        {
          "schema_version": 0,
          "attributes": {
            "arn": "arn:aws:iam::890725220831:role/s3_role",
            "assume_role_policy": "{\"Version\":\"2012-10-17\",\"Statement\":[{\"Sid\":\"\",\"Effect\":\"Allow\",\"Principal\":{\"Service\":\"s3.amazonaws.com\"},\"Action\":\"sts:AssumeRole\"},{\"Effect\":\"Allow\",\"Principal\":{\"Federated\":\"cognito-identity.amazonaws.com\"},\"Action\":\"sts:AssumeRoleWithWebIdentity\",\"Condition\":{\"StringEquals\":{\"cognito-identity.amazonaws.com:aud\":\"eu-west-2:9b6e3c2e-6b9d-4d0c-bfc7-a37ae17135bf\"},\"ForAnyValue:StringLike\":{\"cognito-identity.amazonaws.com:amr\":\"unauthenticated\"}}}]}",
            "create_date": "2020-01-14T12:57:19Z",
            "description": "",
            "force_detach_policies": false,
            "id": "s3_role",
            "max_session_duration": 3600,
            "name": "s3_role",
            "name_prefix": null,
            "path": "/",
            "permissions_boundary": null,
            "tags": {},
            "unique_id": "AROA46Y24IHPSO5HLVNIP"
          },
          "private": "bnVsbA=="
        }
      ]
    },
    {
      "mode": "managed",
      "type": "aws_iam_role_policy",
      "name": "ecs_cloudwatch",
      "provider": "provider.aws",
      "instances": [
        {
          "schema_version": 0,
          "attributes": {
            "id": "ecs_role:ecs_cloudwatch",
            "name": "ecs_cloudwatch",
            "name_prefix": null,
            "policy": "{\n  \"Version\": \"2012-10-17\",\n  \"Statement\": [\n    {\n      \"Effect\": \"Allow\",\n      \"Action\": [\n          \"logs:CreateLogGroup\",\n          \"logs:CreateLogStream\",\n          \"logs:PutLogEvents\",\n          \"logs:DescribeLogStreams\"\n      ],\n      \"Resource\": [\n          \"arn:aws:logs:*:*:*\"\n      ]\n    }\n  ]\n}\n",
            "role": "ecs_role"
          },
          "private": "bnVsbA==",
          "dependencies": [
            "aws_iam_role.ecs_role"
          ]
        }
      ]
    },
    {
      "mode": "managed",
      "type": "aws_iam_role_policy_attachment",
      "name": "AmazonEC2ContainerRegistryFullAccess",
      "provider": "provider.aws",
      "instances": [
        {
          "schema_version": 0,
          "attributes": {
            "id": "ecs_role-20200108094343821200000002",
            "policy_arn": "arn:aws:iam::aws:policy/AmazonEC2ContainerRegistryFullAccess",
            "role": "ecs_role"
          },
          "private": "bnVsbA==",
          "dependencies": [
            "aws_iam_role.ecs_role"
          ]
        }
      ]
    },
    {
      "mode": "managed",
      "type": "aws_iam_role_policy_attachment",
      "name": "AmazonECS_FullAccess",
      "provider": "provider.aws",
      "instances": [
        {
          "schema_version": 0,
          "attributes": {
            "id": "ecs_role-20200108094343821200000001",
            "policy_arn": "arn:aws:iam::aws:policy/AmazonECS_FullAccess",
            "role": "ecs_role"
          },
          "private": "bnVsbA==",
          "dependencies": [
            "aws_iam_role.ecs_role"
          ]
        }
      ]
    },
    {
      "mode": "managed",
      "type": "aws_iam_role_policy_attachment",
      "name": "AmazonS3_FullAccess",
      "provider": "provider.aws",
      "instances": [
        {
          "schema_version": 0,
          "attributes": {
            "id": "s3_role-20200114125855715100000001",
            "policy_arn": "arn:aws:iam::aws:policy/AmazonS3FullAccess",
            "role": "s3_role"
          },
          "private": "bnVsbA==",
          "dependencies": [
            "aws_iam_role.s3_role"
          ]
        }
      ]
    },
    {
      "mode": "managed",
      "type": "aws_instance",
      "name": "nat",
      "provider": "provider.aws",
      "instances": [
        {
          "schema_version": 1,
          "attributes": {
            "ami": "ami-029dbaca987ff4afe",
            "arn": "arn:aws:ec2:eu-west-2:890725220831:instance/i-01f61c453bc88aa0d",
            "associate_public_ip_address": true,
            "availability_zone": "eu-west-2a",
            "cpu_core_count": 1,
            "cpu_threads_per_core": 1,
            "credit_specification": [
              {
                "cpu_credits": "standard"
              }
            ],
            "disable_api_termination": false,
            "ebs_block_device": [],
            "ebs_optimized": false,
            "ephemeral_block_device": [],
            "get_password_data": false,
            "host_id": null,
            "iam_instance_profile": "",
            "id": "i-01f61c453bc88aa0d",
            "instance_initiated_shutdown_behavior": null,
            "instance_state": "running",
            "instance_type": "t2.micro",
            "ipv6_address_count": 1,
            "ipv6_addresses": [
              "2a05:d01c:cc8:2a01:95dc:a6f1:58e8:8351"
            ],
            "key_name": "",
            "monitoring": false,
            "network_interface": [],
            "network_interface_id": null,
            "password_data": "",
            "placement_group": "",
            "primary_network_interface_id": "eni-0033bb5255b9e4d4d",
            "private_dns": "ip-10-0-1-54.eu-west-2.compute.internal",
            "private_ip": "10.0.1.54",
            "public_dns": "ec2-3-11-136-120.eu-west-2.compute.amazonaws.com",
            "public_ip": "3.11.136.120",
            "root_block_device": [
              {
                "delete_on_termination": true,
                "encrypted": false,
                "iops": 0,
                "kms_key_id": "",
                "volume_id": "vol-067d306d0772133b8",
                "volume_size": 8,
                "volume_type": "standard"
              }
            ],
            "security_groups": [],
            "source_dest_check": false,
            "subnet_id": "subnet-0cef0becbd604d241",
            "tags": {},
            "tenancy": "default",
            "timeouts": null,
            "user_data": null,
            "user_data_base64": null,
            "volume_tags": {},
            "vpc_security_group_ids": [
              "sg-07d39bc5cc1d257c8"
            ]
          },
          "private": "eyJlMmJmYjczMC1lY2FhLTExZTYtOGY4OC0zNDM2M2JjN2M0YzAiOnsiY3JlYXRlIjo2MDAwMDAwMDAwMDAsImRlbGV0ZSI6MTIwMDAwMDAwMDAwMCwidXBkYXRlIjo2MDAwMDAwMDAwMDB9LCJzY2hlbWFfdmVyc2lvbiI6IjEifQ==",
          "dependencies": [
            "aws_security_group.allow_all_traffic",
            "aws_subnet.eu_west_2a",
            "aws_vpc.main"
          ]
        }
      ]
    },
    {
      "mode": "managed",
      "type": "aws_internet_gateway",
      "name": "main",
      "provider": "provider.aws",
      "instances": [
        {
          "schema_version": 0,
          "attributes": {
            "id": "igw-01e2bda27beb33048",
            "owner_id": "890725220831",
            "tags": {},
            "vpc_id": "vpc-00e723d181da33140"
          },
          "private": "bnVsbA==",
          "dependencies": [
            "aws_vpc.main"
          ]
        }
      ]
    },
    {
      "mode": "managed",
      "type": "aws_lb",
      "name": "hiit_tribe_dev",
      "provider": "provider.aws",
      "instances": [
        {
          "schema_version": 0,
          "attributes": {
            "access_logs": [
              {
                "bucket": "",
                "enabled": false,
                "prefix": ""
              }
            ],
            "arn": "arn:aws:elasticloadbalancing:eu-west-2:890725220831:loadbalancer/app/hiit-tribe-dev/10726d8cbeaa00fd",
            "arn_suffix": "app/hiit-tribe-dev/10726d8cbeaa00fd",
            "dns_name": "hiit-tribe-dev-554886192.eu-west-2.elb.amazonaws.com",
            "enable_cross_zone_load_balancing": null,
            "enable_deletion_protection": false,
            "enable_http2": true,
            "id": "arn:aws:elasticloadbalancing:eu-west-2:890725220831:loadbalancer/app/hiit-tribe-dev/10726d8cbeaa00fd",
            "idle_timeout": 60,
            "internal": false,
            "ip_address_type": "ipv4",
            "load_balancer_type": "application",
            "name": "hiit-tribe-dev",
            "name_prefix": null,
            "security_groups": [
              "sg-07d39bc5cc1d257c8"
            ],
            "subnet_mapping": [
              {
                "allocation_id": "",
                "subnet_id": "subnet-0199a5c93f0ae7c06"
              },
              {
                "allocation_id": "",
                "subnet_id": "subnet-0cef0becbd604d241"
              }
            ],
            "subnets": [
              "subnet-0199a5c93f0ae7c06",
              "subnet-0cef0becbd604d241"
            ],
            "tags": {
              "target_app": "hiit-tribe-dev"
            },
            "timeouts": null,
            "vpc_id": "vpc-00e723d181da33140",
            "zone_id": "ZHURV8PSTC4K8"
          },
          "private": "eyJlMmJmYjczMC1lY2FhLTExZTYtOGY4OC0zNDM2M2JjN2M0YzAiOnsiY3JlYXRlIjo2MDAwMDAwMDAwMDAsImRlbGV0ZSI6NjAwMDAwMDAwMDAwLCJ1cGRhdGUiOjYwMDAwMDAwMDAwMH19",
          "dependencies": [
            "aws_security_group.allow_all_traffic",
            "aws_subnet.eu_west_2a",
            "aws_subnet.eu_west_2b",
            "aws_vpc.main"
          ]
        }
      ]
    },
    {
      "mode": "managed",
      "type": "aws_lb_listener",
      "name": "hiit_tribe_dev",
      "provider": "provider.aws",
      "instances": [
        {
          "schema_version": 0,
          "attributes": {
            "arn": "arn:aws:elasticloadbalancing:eu-west-2:890725220831:listener/app/hiit-tribe-dev/10726d8cbeaa00fd/d0cf875afb428075",
            "certificate_arn": null,
            "default_action": [
              {
                "authenticate_cognito": [],
                "authenticate_oidc": [],
                "fixed_response": [],
                "order": 1,
                "redirect": [],
                "target_group_arn": "arn:aws:elasticloadbalancing:eu-west-2:890725220831:targetgroup/hiit-tribe-dev/df8595936a2244fd",
                "type": "forward"
              }
            ],
            "id": "arn:aws:elasticloadbalancing:eu-west-2:890725220831:listener/app/hiit-tribe-dev/10726d8cbeaa00fd/d0cf875afb428075",
            "load_balancer_arn": "arn:aws:elasticloadbalancing:eu-west-2:890725220831:loadbalancer/app/hiit-tribe-dev/10726d8cbeaa00fd",
            "port": 80,
            "protocol": "HTTP",
            "ssl_policy": "",
            "timeouts": null
          },
          "private": "eyJlMmJmYjczMC1lY2FhLTExZTYtOGY4OC0zNDM2M2JjN2M0YzAiOnsicmVhZCI6NjAwMDAwMDAwMDAwfX0=",
          "dependencies": [
            "aws_lb.hiit_tribe_dev",
            "aws_lb_target_group.hiit_tribe_dev",
            "aws_security_group.allow_all_traffic",
            "aws_subnet.eu_west_2a",
            "aws_subnet.eu_west_2b",
            "aws_vpc.main"
          ]
        }
      ]
    },
    {
      "mode": "managed",
      "type": "aws_lb_target_group",
      "name": "hiit_tribe_dev",
      "provider": "provider.aws",
      "instances": [
        {
          "schema_version": 0,
          "attributes": {
            "arn": "arn:aws:elasticloadbalancing:eu-west-2:890725220831:targetgroup/hiit-tribe-dev/df8595936a2244fd",
            "arn_suffix": "targetgroup/hiit-tribe-dev/df8595936a2244fd",
            "deregistration_delay": 300,
            "health_check": [
              {
                "enabled": true,
                "healthy_threshold": 5,
                "interval": 30,
                "matcher": "200",
                "path": "/",
                "port": "traffic-port",
                "protocol": "HTTP",
                "timeout": 5,
                "unhealthy_threshold": 2
              }
            ],
            "id": "arn:aws:elasticloadbalancing:eu-west-2:890725220831:targetgroup/hiit-tribe-dev/df8595936a2244fd",
            "lambda_multi_value_headers_enabled": false,
            "name": "hiit-tribe-dev",
            "name_prefix": null,
            "port": 80,
            "protocol": "HTTP",
            "proxy_protocol_v2": false,
            "slow_start": 0,
            "stickiness": [
              {
                "cookie_duration": 86400,
                "enabled": false,
                "type": "lb_cookie"
              }
            ],
            "tags": {},
            "target_type": "ip",
            "vpc_id": "vpc-00e723d181da33140"
          },
          "private": "bnVsbA==",
          "dependencies": [
            "aws_lb.hiit_tribe_dev",
            "aws_security_group.allow_all_traffic",
            "aws_subnet.eu_west_2a",
            "aws_subnet.eu_west_2b",
            "aws_vpc.main"
          ]
        }
      ]
    },
    {
      "mode": "managed",
      "type": "aws_route_table",
      "name": "eu_west_2a_route_table",
      "provider": "provider.aws",
      "instances": [
        {
          "schema_version": 0,
          "attributes": {
            "id": "rtb-0b8eed42d6242bb5f",
            "owner_id": "890725220831",
            "propagating_vgws": [],
            "route": [
              {
                "cidr_block": "",
                "egress_only_gateway_id": "",
                "gateway_id": "igw-01e2bda27beb33048",
                "instance_id": "",
                "ipv6_cidr_block": "::/0",
                "nat_gateway_id": "",
                "network_interface_id": "",
                "transit_gateway_id": "",
                "vpc_peering_connection_id": ""
              },
              {
                "cidr_block": "0.0.0.0/0",
                "egress_only_gateway_id": "",
                "gateway_id": "igw-01e2bda27beb33048",
                "instance_id": "",
                "ipv6_cidr_block": "",
                "nat_gateway_id": "",
                "network_interface_id": "",
                "transit_gateway_id": "",
                "vpc_peering_connection_id": ""
              }
            ],
            "tags": {},
            "vpc_id": "vpc-00e723d181da33140"
          },
          "private": "bnVsbA==",
          "dependencies": [
            "aws_internet_gateway.main",
            "aws_vpc.main"
          ]
        }
      ]
    },
    {
      "mode": "managed",
      "type": "aws_route_table",
      "name": "eu_west_2b_route_table",
      "provider": "provider.aws",
      "instances": [
        {
          "schema_version": 0,
          "attributes": {
            "id": "rtb-0780b8fbb07620ec9",
            "owner_id": "890725220831",
            "propagating_vgws": [],
            "route": [
              {
                "cidr_block": "",
                "egress_only_gateway_id": "",
                "gateway_id": "igw-01e2bda27beb33048",
                "instance_id": "",
                "ipv6_cidr_block": "::/0",
                "nat_gateway_id": "",
                "network_interface_id": "",
                "transit_gateway_id": "",
                "vpc_peering_connection_id": ""
              },
              {
                "cidr_block": "0.0.0.0/0",
                "egress_only_gateway_id": "",
                "gateway_id": "igw-01e2bda27beb33048",
                "instance_id": "",
                "ipv6_cidr_block": "",
                "nat_gateway_id": "",
                "network_interface_id": "",
                "transit_gateway_id": "",
                "vpc_peering_connection_id": ""
              }
            ],
            "tags": {},
            "vpc_id": "vpc-00e723d181da33140"
          },
          "private": "bnVsbA==",
          "dependencies": [
            "aws_internet_gateway.main",
            "aws_vpc.main"
          ]
        }
      ]
    },
    {
      "mode": "managed",
      "type": "aws_route_table_association",
      "name": "eu_west_2a",
      "provider": "provider.aws",
      "instances": [
        {
          "schema_version": 0,
          "attributes": {
            "gateway_id": null,
            "id": "rtbassoc-088f704bc3c005530",
            "route_table_id": "rtb-0b8eed42d6242bb5f",
            "subnet_id": "subnet-0cef0becbd604d241"
          },
          "private": "bnVsbA==",
          "dependencies": [
            "aws_internet_gateway.main",
            "aws_route_table.eu_west_2a_route_table",
            "aws_subnet.eu_west_2a",
            "aws_vpc.main"
          ]
        }
      ]
    },
    {
      "mode": "managed",
      "type": "aws_route_table_association",
      "name": "eu_west_2b",
      "provider": "provider.aws",
      "instances": [
        {
          "schema_version": 0,
          "attributes": {
            "gateway_id": null,
            "id": "rtbassoc-0b9727bf91faedcfc",
            "route_table_id": "rtb-0780b8fbb07620ec9",
            "subnet_id": "subnet-0199a5c93f0ae7c06"
          },
          "private": "bnVsbA==",
          "dependencies": [
            "aws_internet_gateway.main",
            "aws_route_table.eu_west_2b_route_table",
            "aws_subnet.eu_west_2b",
            "aws_vpc.main"
          ]
        }
      ]
    },
    {
      "mode": "managed",
      "type": "aws_s3_bucket",
      "name": "hiit-tribe",
      "provider": "provider.aws",
      "instances": [
        {
          "schema_version": 0,
          "attributes": {
            "acceleration_status": "",
            "acl": "private",
            "arn": "arn:aws:s3:::hiit-tribe-test",
            "bucket": "hiit-tribe-test",
            "bucket_domain_name": "hiit-tribe-test.s3.amazonaws.com",
            "bucket_prefix": null,
            "bucket_regional_domain_name": "hiit-tribe-test.s3.eu-west-2.amazonaws.com",
            "cors_rule": [
              {
                "allowed_headers": [
                  "*"
                ],
                "allowed_methods": [
                  "GET",
                  "PUT",
                  "POST",
                  "DELETE"
                ],
                "allowed_origins": [
                  "*"
                ],
                "expose_headers": [
                  "ETag"
                ],
                "max_age_seconds": 0
              }
            ],
            "force_destroy": false,
            "hosted_zone_id": "Z3GKZC51ZF0DB4",
            "id": "hiit-tribe-test",
            "lifecycle_rule": [],
            "logging": [],
            "object_lock_configuration": [],
            "policy": null,
            "region": "eu-west-2",
            "replication_configuration": [],
            "request_payer": "BucketOwner",
            "server_side_encryption_configuration": [],
            "tags": {
              "Environment": "gym",
              "Name": "target-app"
            },
            "versioning": [
              {
                "enabled": false,
                "mfa_delete": false
              }
            ],
            "website": [],
            "website_domain": null,
            "website_endpoint": null
          },
          "private": "bnVsbA=="
        }
      ]
    },
    {
      "mode": "managed",
      "type": "aws_security_group",
      "name": "allow_all_traffic",
      "provider": "provider.aws",
      "instances": [
        {
          "schema_version": 1,
          "attributes": {
            "arn": "arn:aws:ec2:eu-west-2:890725220831:security-group/sg-07d39bc5cc1d257c8",
            "description": "Allow All traffic",
            "egress": [
              {
                "cidr_blocks": [
                  "0.0.0.0/0"
                ],
                "description": "",
                "from_port": 0,
                "ipv6_cidr_blocks": [],
                "prefix_list_ids": [],
                "protocol": "-1",
                "security_groups": [],
                "self": false,
                "to_port": 0
              }
            ],
            "id": "sg-07d39bc5cc1d257c8",
            "ingress": [
              {
                "cidr_blocks": [
                  "0.0.0.0/0"
                ],
                "description": "",
                "from_port": 0,
                "ipv6_cidr_blocks": [],
                "prefix_list_ids": [],
                "protocol": "-1",
                "security_groups": [],
                "self": false,
                "to_port": 0
              }
            ],
            "name": "allow_all_traffic",
            "name_prefix": null,
            "owner_id": "890725220831",
            "revoke_rules_on_delete": false,
            "tags": {},
            "timeouts": null,
            "vpc_id": "vpc-00e723d181da33140"
          },
          "private": "eyJlMmJmYjczMC1lY2FhLTExZTYtOGY4OC0zNDM2M2JjN2M0YzAiOnsiY3JlYXRlIjo2MDAwMDAwMDAwMDAsImRlbGV0ZSI6NjAwMDAwMDAwMDAwfSwic2NoZW1hX3ZlcnNpb24iOiIxIn0=",
          "dependencies": [
            "aws_vpc.main"
          ]
        }
      ]
    },
    {
      "mode": "managed",
      "type": "aws_subnet",
      "name": "eu_west_2a",
      "provider": "provider.aws",
      "instances": [
        {
          "schema_version": 1,
          "attributes": {
            "arn": "arn:aws:ec2:eu-west-2:890725220831:subnet/subnet-0cef0becbd604d241",
            "assign_ipv6_address_on_creation": true,
            "availability_zone": "eu-west-2a",
            "availability_zone_id": "euw2-az2",
            "cidr_block": "10.0.1.0/24",
            "id": "subnet-0cef0becbd604d241",
            "ipv6_cidr_block": "2a05:d01c:cc8:2a01::/64",
            "ipv6_cidr_block_association_id": "subnet-cidr-assoc-0b80035d35e32fa1e",
            "map_public_ip_on_launch": true,
            "owner_id": "890725220831",
            "tags": {},
            "timeouts": null,
            "vpc_id": "vpc-00e723d181da33140"
          },
          "private": "eyJlMmJmYjczMC1lY2FhLTExZTYtOGY4OC0zNDM2M2JjN2M0YzAiOnsiY3JlYXRlIjo2MDAwMDAwMDAwMDAsImRlbGV0ZSI6MTIwMDAwMDAwMDAwMH0sInNjaGVtYV92ZXJzaW9uIjoiMSJ9",
          "dependencies": [
            "aws_vpc.main"
          ]
        }
      ]
    },
    {
      "mode": "managed",
      "type": "aws_subnet",
      "name": "eu_west_2b",
      "provider": "provider.aws",
      "instances": [
        {
          "schema_version": 1,
          "attributes": {
            "arn": "arn:aws:ec2:eu-west-2:890725220831:subnet/subnet-0199a5c93f0ae7c06",
            "assign_ipv6_address_on_creation": true,
            "availability_zone": "eu-west-2b",
            "availability_zone_id": "euw2-az3",
            "cidr_block": "10.0.2.0/24",
            "id": "subnet-0199a5c93f0ae7c06",
            "ipv6_cidr_block": "2a05:d01c:cc8:2a02::/64",
            "ipv6_cidr_block_association_id": "subnet-cidr-assoc-022c018b29db91524",
            "map_public_ip_on_launch": true,
            "owner_id": "890725220831",
            "tags": {},
            "timeouts": null,
            "vpc_id": "vpc-00e723d181da33140"
          },
          "private": "eyJlMmJmYjczMC1lY2FhLTExZTYtOGY4OC0zNDM2M2JjN2M0YzAiOnsiY3JlYXRlIjo2MDAwMDAwMDAwMDAsImRlbGV0ZSI6MTIwMDAwMDAwMDAwMH0sInNjaGVtYV92ZXJzaW9uIjoiMSJ9",
          "dependencies": [
            "aws_vpc.main"
          ]
        }
      ]
    },
    {
      "mode": "managed",
      "type": "aws_vpc",
      "name": "main",
      "provider": "provider.aws",
      "instances": [
        {
          "schema_version": 1,
          "attributes": {
            "arn": "arn:aws:ec2:eu-west-2:890725220831:vpc/vpc-00e723d181da33140",
            "assign_generated_ipv6_cidr_block": true,
            "cidr_block": "10.0.0.0/16",
            "default_network_acl_id": "acl-071f5185655330993",
            "default_route_table_id": "rtb-0b24c205d49d3136b",
            "default_security_group_id": "sg-09d28b6c0240cbf48",
            "dhcp_options_id": "dopt-8d6f3be5",
            "enable_classiclink": null,
            "enable_classiclink_dns_support": null,
            "enable_dns_hostnames": true,
            "enable_dns_support": true,
            "id": "vpc-00e723d181da33140",
            "instance_tenancy": "default",
            "ipv6_association_id": "vpc-cidr-assoc-032ccb43233b8a203",
            "ipv6_cidr_block": "2a05:d01c:cc8:2a00::/56",
            "main_route_table_id": "rtb-0b24c205d49d3136b",
            "owner_id": "890725220831",
            "tags": {}
          },
          "private": "eyJzY2hlbWFfdmVyc2lvbiI6IjEifQ=="
        }
      ]
    }
  ]
}
